// !$*UTF8*$!
{
	archiveVersion = 1;
	classes = {
	};
	objectVersion = 48;
	objects = {

/* Begin PBXBuildFile section */
		9C189B4F1FAB9282002E777E /* AppDelegate.swift in Sources */ = {isa = PBXBuildFile; fileRef = 9C189B4E1FAB9282002E777E /* AppDelegate.swift */; };
		9C189B511FAB9282002E777E /* ViewController.swift in Sources */ = {isa = PBXBuildFile; fileRef = 9C189B501FAB9282002E777E /* ViewController.swift */; };
		9C189B541FAB9282002E777E /* Main.storyboard in Resources */ = {isa = PBXBuildFile; fileRef = 9C189B521FAB9282002E777E /* Main.storyboard */; };
		9C189B561FAB9282002E777E /* Assets.xcassets in Resources */ = {isa = PBXBuildFile; fileRef = 9C189B551FAB9282002E777E /* Assets.xcassets */; };
		9C189B591FAB9282002E777E /* LaunchScreen.storyboard in Resources */ = {isa = PBXBuildFile; fileRef = 9C189B571FAB9282002E777E /* LaunchScreen.storyboard */; };
		9C189B641FAB9282002E777E /* Calculator_AppTests.swift in Sources */ = {isa = PBXBuildFile; fileRef = 9C189B631FAB9282002E777E /* Calculator_AppTests.swift */; };
		9C189B6F1FAB9282002E777E /* Calculator_AppUITests.swift in Sources */ = {isa = PBXBuildFile; fileRef = 9C189B6E1FAB9282002E777E /* Calculator_AppUITests.swift */; };
/* End PBXBuildFile section */

/* Begin PBXContainerItemProxy section */
		9C189B601FAB9282002E777E /* PBXContainerItemProxy */ = {
			isa = PBXContainerItemProxy;
			containerPortal = 9C189B431FAB9282002E777E /* Project object */;
			proxyType = 1;
			remoteGlobalIDString = 9C189B4A1FAB9282002E777E;
			remoteInfo = "Calculator App";
		};
		9C189B6B1FAB9282002E777E /* PBXContainerItemProxy */ = {
			isa = PBXContainerItemProxy;
			containerPortal = 9C189B431FAB9282002E777E /* Project object */;
			proxyType = 1;
			remoteGlobalIDString = 9C189B4A1FAB9282002E777E;
			remoteInfo = "Calculator App";
		};
/* End PBXContainerItemProxy section */

/* Begin PBXFileReference section */
		9C189B4B1FAB9282002E777E /* Calculator App.app */ = {isa = PBXFileReference; explicitFileType = wrapper.application; includeInIndex = 0; path = "Calculator App.app"; sourceTree = BUILT_PRODUCTS_DIR; };
		9C189B4E1FAB9282002E777E /* AppDelegate.swift */ = {isa = PBXFileReference; lastKnownFileType = sourcecode.swift; path = AppDelegate.swift; sourceTree = "<group>"; };
		9C189B501FAB9282002E777E /* ViewController.swift */ = {isa = PBXFileReference; lastKnownFileType = sourcecode.swift; path = ViewController.swift; sourceTree = "<group>"; };
		9C189B531FAB9282002E777E /* Base */ = {isa = PBXFileReference; lastKnownFileType = file.storyboard; name = Base; path = Base.lproj/Main.storyboard; sourceTree = "<group>"; };
		9C189B551FAB9282002E777E /* Assets.xcassets */ = {isa = PBXFileReference; lastKnownFileType = folder.assetcatalog; path = Assets.xcassets; sourceTree = "<group>"; };
		9C189B581FAB9282002E777E /* Base */ = {isa = PBXFileReference; lastKnownFileType = file.storyboard; name = Base; path = Base.lproj/LaunchScreen.storyboard; sourceTree = "<group>"; };
		9C189B5A1FAB9282002E777E /* Info.plist */ = {isa = PBXFileReference; lastKnownFileType = text.plist.xml; path = Info.plist; sourceTree = "<group>"; };
		9C189B5F1FAB9282002E777E /* Calculator AppTests.xctest */ = {isa = PBXFileReference; explicitFileType = wrapper.cfbundle; includeInIndex = 0; path = "Calculator AppTests.xctest"; sourceTree = BUILT_PRODUCTS_DIR; };
		9C189B631FAB9282002E777E /* Calculator_AppTests.swift */ = {isa = PBXFileReference; lastKnownFileType = sourcecode.swift; path = Calculator_AppTests.swift; sourceTree = "<group>"; };
		9C189B651FAB9282002E777E /* Info.plist */ = {isa = PBXFileReference; lastKnownFileType = text.plist.xml; path = Info.plist; sourceTree = "<group>"; };
		9C189B6A1FAB9282002E777E /* Calculator AppUITests.xctest */ = {isa = PBXFileReference; explicitFileType = wrapper.cfbundle; includeInIndex = 0; path = "Calculator AppUITests.xctest"; sourceTree = BUILT_PRODUCTS_DIR; };
		9C189B6E1FAB9282002E777E /* Calculator_AppUITests.swift */ = {isa = PBXFileReference; lastKnownFileType = sourcecode.swift; path = Calculator_AppUITests.swift; sourceTree = "<group>"; };
		9C189B701FAB9282002E777E /* Info.plist */ = {isa = PBXFileReference; lastKnownFileType = text.plist.xml; path = Info.plist; sourceTree = "<group>"; };
/* End PBXFileReference section */

/* Begin PBXFrameworksBuildPhase section */
		9C189B481FAB9282002E777E /* Frameworks */ = {
			isa = PBXFrameworksBuildPhase;
			buildActionMask = 2147483647;
			files = (
			);
			runOnlyForDeploymentPostprocessing = 0;
		};
		9C189B5C1FAB9282002E777E /* Frameworks */ = {
			isa = PBXFrameworksBuildPhase;
			buildActionMask = 2147483647;
			files = (
			);
			runOnlyForDeploymentPostprocessing = 0;
		};
		9C189B671FAB9282002E777E /* Frameworks */ = {
			isa = PBXFrameworksBuildPhase;
			buildActionMask = 2147483647;
			files = (
			);
			runOnlyForDeploymentPostprocessing = 0;
		};
/* End PBXFrameworksBuildPhase section */

/* Begin PBXGroup section */
		9C189B421FAB9282002E777E = {
			isa = PBXGroup;
			children = (
				9C189B4D1FAB9282002E777E /* Calculator App */,
				9C189B621FAB9282002E777E /* Calculator AppTests */,
				9C189B6D1FAB9282002E777E /* Calculator AppUITests */,
				9C189B4C1FAB9282002E777E /* Products */,
			);
			sourceTree = "<group>";
		};
		9C189B4C1FAB9282002E777E /* Products */ = {
			isa = PBXGroup;
			children = (
				9C189B4B1FAB9282002E777E /* Calculator App.app */,
				9C189B5F1FAB9282002E777E /* Calculator AppTests.xctest */,
				9C189B6A1FAB9282002E777E /* Calculator AppUITests.xctest */,
			);
			name = Products;
			sourceTree = "<group>";
		};
		9C189B4D1FAB9282002E777E /* Calculator App */ = {
			isa = PBXGroup;
			children = (
				9C189B4E1FAB9282002E777E /* AppDelegate.swift */,
				9C189B501FAB9282002E777E /* ViewController.swift */,
				9C189B521FAB9282002E777E /* Main.storyboard */,
				9C189B551FAB9282002E777E /* Assets.xcassets */,
				9C189B571FAB9282002E777E /* LaunchScreen.storyboard */,
				9C189B5A1FAB9282002E777E /* Info.plist */,
			);
			path = "Calculator App";
			sourceTree = "<group>";
		};
		9C189B621FAB9282002E777E /* Calculator AppTests */ = {
			isa = PBXGroup;
			children = (
				9C189B631FAB9282002E777E /* Calculator_AppTests.swift */,
				9C189B651FAB9282002E777E /* Info.plist */,
			);
			path = "Calculator AppTests";
			sourceTree = "<group>";
		};
		9C189B6D1FAB9282002E777E /* Calculator AppUITests */ = {
			isa = PBXGroup;
			children = (
				9C189B6E1FAB9282002E777E /* Calculator_AppUITests.swift */,
				9C189B701FAB9282002E777E /* Info.plist */,
			);
			path = "Calculator AppUITests";
			sourceTree = "<group>";
		};
/* End PBXGroup section */

/* Begin PBXNativeTarget section */
		9C189B4A1FAB9282002E777E /* Calculator App */ = {
			isa = PBXNativeTarget;
			buildConfigurationList = 9C189B731FAB9282002E777E /* Build configuration list for PBXNativeTarget "Calculator App" */;
			buildPhases = (
				9C189B471FAB9282002E777E /* Sources */,
				9C189B481FAB9282002E777E /* Frameworks */,
				9C189B491FAB9282002E777E /* Resources */,
			);
			buildRules = (
			);
			dependencies = (
			);
			name = "Calculator App";
			productName = "Calculator App";
			productReference = 9C189B4B1FAB9282002E777E /* Calculator App.app */;
			productType = "com.apple.product-type.application";
		};
		9C189B5E1FAB9282002E777E /* Calculator AppTests */ = {
			isa = PBXNativeTarget;
			buildConfigurationList = 9C189B761FAB9282002E777E /* Build configuration list for PBXNativeTarget "Calculator AppTests" */;
			buildPhases = (
				9C189B5B1FAB9282002E777E /* Sources */,
				9C189B5C1FAB9282002E777E /* Frameworks */,
				9C189B5D1FAB9282002E777E /* Resources */,
			);
			buildRules = (
			);
			dependencies = (
				9C189B611FAB9282002E777E /* PBXTargetDependency */,
			);
			name = "Calculator AppTests";
			productName = "Calculator AppTests";
			productReference = 9C189B5F1FAB9282002E777E /* Calculator AppTests.xctest */;
			productType = "com.apple.product-type.bundle.unit-test";
		};
		9C189B691FAB9282002E777E /* Calculator AppUITests */ = {
			isa = PBXNativeTarget;
			buildConfigurationList = 9C189B791FAB9282002E777E /* Build configuration list for PBXNativeTarget "Calculator AppUITests" */;
			buildPhases = (
				9C189B661FAB9282002E777E /* Sources */,
				9C189B671FAB9282002E777E /* Frameworks */,
				9C189B681FAB9282002E777E /* Resources */,
			);
			buildRules = (
			);
			dependencies = (
				9C189B6C1FAB9282002E777E /* PBXTargetDependency */,
			);
			name = "Calculator AppUITests";
			productName = "Calculator AppUITests";
			productReference = 9C189B6A1FAB9282002E777E /* Calculator AppUITests.xctest */;
			productType = "com.apple.product-type.bundle.ui-testing";
		};
/* End PBXNativeTarget section */

/* Begin PBXProject section */
		9C189B431FAB9282002E777E /* Project object */ = {
			isa = PBXProject;
			attributes = {
				LastSwiftUpdateCheck = 0900;
				LastUpgradeCheck = 0900;
				ORGANIZATIONNAME = "MUKESH BASIRA";
				TargetAttributes = {
					9C189B4A1FAB9282002E777E = {
						CreatedOnToolsVersion = 9.0;
						ProvisioningStyle = Automatic;
					};
					9C189B5E1FAB9282002E777E = {
						CreatedOnToolsVersion = 9.0;
						ProvisioningStyle = Automatic;
						TestTargetID = 9C189B4A1FAB9282002E777E;
					};
					9C189B691FAB9282002E777E = {
						CreatedOnToolsVersion = 9.0;
						ProvisioningStyle = Automatic;
						TestTargetID = 9C189B4A1FAB9282002E777E;
					};
				};
			};
			buildConfigurationList = 9C189B461FAB9282002E777E /* Build configuration list for PBXProject "Calculator App" */;
			compatibilityVersion = "Xcode 8.0";
			developmentRegion = en;
			hasScannedForEncodings = 0;
			knownRegions = (
				en,
				Base,
			);
			mainGroup = 9C189B421FAB9282002E777E;
			productRefGroup = 9C189B4C1FAB9282002E777E /* Products */;
			projectDirPath = "";
			projectRoot = "";
			targets = (
				9C189B4A1FAB9282002E777E /* Calculator App */,
				9C189B5E1FAB9282002E777E /* Calculator AppTests */,
				9C189B691FAB9282002E777E /* Calculator AppUITests */,
			);
		};
/* End PBXProject section */

/* Begin PBXResourcesBuildPhase section */
		9C189B491FAB9282002E777E /* Resources */ = {
			isa = PBXResourcesBuildPhase;
			buildActionMask = 2147483647;
			files = (
				9C189B591FAB9282002E777E /* LaunchScreen.storyboard in Resources */,
				9C189B561FAB9282002E777E /* Assets.xcassets in Resources */,
				9C189B541FAB9282002E777E /* Main.storyboard in Resources */,
			);
			runOnlyForDeploymentPostprocessing = 0;
		};
		9C189B5D1FAB9282002E777E /* Resources */ = {
			isa = PBXResourcesBuildPhase;
			buildActionMask = 2147483647;
			files = (
			);
			runOnlyForDeploymentPostprocessing = 0;
		};
		9C189B681FAB9282002E777E /* Resources */ = {
			isa = PBXResourcesBuildPhase;
			buildActionMask = 2147483647;
			files = (
			);
			runOnlyForDeploymentPostprocessing = 0;
		};
/* End PBXResourcesBuildPhase section */

/* Begin PBXSourcesBuildPhase section */
		9C189B471FAB9282002E777E /* Sources */ = {
			isa = PBXSourcesBuildPhase;
			buildActionMask = 2147483647;
			files = (
				9C189B511FAB9282002E777E /* ViewController.swift in Sources */,
				9C189B4F1FAB9282002E777E /* AppDelegate.swift in Sources */,
			);
			runOnlyForDeploymentPostprocessing = 0;
		};
		9C189B5B1FAB9282002E777E /* Sources */ = {
			isa = PBXSourcesBuildPhase;
			buildActionMask = 2147483647;
			files = (
				9C189B641FAB9282002E777E /* Calculator_AppTests.swift in Sources */,
			);
			runOnlyForDeploymentPostprocessing = 0;
		};
		9C189B661FAB9282002E777E /* Sources */ = {
			isa = PBXSourcesBuildPhase;
			buildActionMask = 2147483647;
			files = (
				9C189B6F1FAB9282002E777E /* Calculator_AppUITests.swift in Sources */,
			);
			runOnlyForDeploymentPostprocessing = 0;
		};
/* End PBXSourcesBuildPhase section */

/* Begin PBXTargetDependency section */
		9C189B611FAB9282002E777E /* PBXTargetDependency */ = {
			isa = PBXTargetDependency;
			target = 9C189B4A1FAB9282002E777E /* Calculator App */;
			targetProxy = 9C189B601FAB9282002E777E /* PBXContainerItemProxy */;
		};
		9C189B6C1FAB9282002E777E /* PBXTargetDependency */ = {
			isa = PBXTargetDependency;
			target = 9C189B4A1FAB9282002E777E /* Calculator App */;
			targetProxy = 9C189B6B1FAB9282002E777E /* PBXContainerItemProxy */;
		};
/* End PBXTargetDependency section */

/* Begin PBXVariantGroup section */
		9C189B521FAB9282002E777E /* Main.storyboard */ = {
			isa = PBXVariantGroup;
			children = (
				9C189B531FAB9282002E777E /* Base */,
			);
			name = Main.storyboard;
			sourceTree = "<group>";
		};
		9C189B571FAB9282002E777E /* LaunchScreen.storyboard */ = {
			isa = PBXVariantGroup;
			children = (
				9C189B581FAB9282002E777E /* Base */,
			);
			name = LaunchScreen.storyboard;
			sourceTree = "<group>";
		};
/* End PBXVariantGroup section */

/* Begin XCBuildConfiguration section */
		9C189B711FAB9282002E777E /* Debug */ = {
			isa = XCBuildConfiguration;
			buildSettings = {
				ALWAYS_SEARCH_USER_PATHS = NO;
				CLANG_ANALYZER_NONNULL = YES;
				CLANG_ANALYZER_NUMBER_OBJECT_CONVERSION = YES_AGGRESSIVE;
				CLANG_CXX_LANGUAGE_STANDARD = "gnu++14";
				CLANG_CXX_LIBRARY = "libc++";
				CLANG_ENABLE_MODULES = YES;
				CLANG_ENABLE_OBJC_ARC = YES;
				CLANG_WARN_BLOCK_CAPTURE_AUTORELEASING = YES;
				CLANG_WARN_BOOL_CONVERSION = YES;
				CLANG_WARN_COMMA = YES;
				CLANG_WARN_CONSTANT_CONVERSION = YES;
				CLANG_WARN_DIRECT_OBJC_ISA_USAGE = YES_ERROR;
				CLANG_WARN_DOCUMENTATION_COMMENTS = YES;
				CLANG_WARN_EMPTY_BODY = YES;
				CLANG_WARN_ENUM_CONVERSION = YES;
				CLANG_WARN_INFINITE_RECURSION = YES;
				CLANG_WARN_INT_CONVERSION = YES;
				CLANG_WARN_NON_LITERAL_NULL_CONVERSION = YES;
				CLANG_WARN_OBJC_LITERAL_CONVERSION = YES;
				CLANG_WARN_OBJC_ROOT_CLASS = YES_ERROR;
				CLANG_WARN_RANGE_LOOP_ANALYSIS = YES;
				CLANG_WARN_STRICT_PROTOTYPES = YES;
				CLANG_WARN_SUSPICIOUS_MOVE = YES;
				CLANG_WARN_UNGUARDED_AVAILABILITY = YES_AGGRESSIVE;
				CLANG_WARN_UNREACHABLE_CODE = YES;
				CLANG_WARN__DUPLICATE_METHOD_MATCH = YES;
				CODE_SIGN_IDENTITY = "iPhone Developer";
				COPY_PHASE_STRIP = NO;
				DEBUG_INFORMATION_FORMAT = dwarf;
				ENABLE_STRICT_OBJC_MSGSEND = YES;
				ENABLE_TESTABILITY = YES;
				GCC_C_LANGUAGE_STANDARD = gnu11;
				GCC_DYNAMIC_NO_PIC = NO;
				GCC_NO_COMMON_BLOCKS = YES;
				GCC_OPTIMIZATION_LEVEL = 0;
				GCC_PREPROCESSOR_DEFINITIONS = (
					"DEBUG=1",
					"$(inherited)",
				);
				GCC_WARN_64_TO_32_BIT_CONVERSION = YES;
				GCC_WARN_ABOUT_RETURN_TYPE = YES_ERROR;
				GCC_WARN_UNDECLARED_SELECTOR = YES;
				GCC_WARN_UNINITIALIZED_AUTOS = YES_AGGRESSIVE;
				GCC_WARN_UNUSED_FUNCTION = YES;
				GCC_WARN_UNUSED_VARIABLE = YES;
				IPHONEOS_DEPLOYMENT_TARGET = 11.0;
				MTL_ENABLE_DEBUG_INFO = YES;
				ONLY_ACTIVE_ARCH = YES;
				SDKROOT = iphoneos;
				SWIFT_ACTIVE_COMPILATION_CONDITIONS = DEBUG;
				SWIFT_OPTIMIZATION_LEVEL = "-Onone";
			};
			name = Debug;
		};
		9C189B721FAB9282002E777E /* Release */ = {
			isa = XCBuildConfiguration;
			buildSettings = {
				ALWAYS_SEARCH_USER_PATHS = NO;
				CLANG_ANALYZER_NONNULL = YES;
				CLANG_ANALYZER_NUMBER_OBJECT_CONVERSION = YES_AGGRESSIVE;
				CLANG_CXX_LANGUAGE_STANDARD = "gnu++14";
				CLANG_CXX_LIBRARY = "libc++";
				CLANG_ENABLE_MODULES = YES;
				CLANG_ENABLE_OBJC_ARC = YES;
				CLANG_WARN_BLOCK_CAPTURE_AUTORELEASING = YES;
				CLANG_WARN_BOOL_CONVERSION = YES;
				CLANG_WARN_COMMA = YES;
				CLANG_WARN_CONSTANT_CONVERSION = YES;
				CLANG_WARN_DIRECT_OBJC_ISA_USAGE = YES_ERROR;
				CLANG_WARN_DOCUMENTATION_COMMENTS = YES;
				CLANG_WARN_EMPTY_BODY = YES;
				CLANG_WARN_ENUM_CONVERSION = YES;
				CLANG_WARN_INFINITE_RECURSION = YES;
				CLANG_WARN_INT_CONVERSION = YES;
				CLANG_WARN_NON_LITERAL_NULL_CONVERSION = YES;
				CLANG_WARN_OBJC_LITERAL_CONVERSION = YES;
				CLANG_WARN_OBJC_ROOT_CLASS = YES_ERROR;
				CLANG_WARN_RANGE_LOOP_ANALYSIS = YES;
				CLANG_WARN_STRICT_PROTOTYPES = YES;
				CLANG_WARN_SUSPICIOUS_MOVE = YES;
				CLANG_WARN_UNGUARDED_AVAILABILITY = YES_AGGRESSIVE;
				CLANG_WARN_UNREACHABLE_CODE = YES;
				CLANG_WARN__DUPLICATE_METHOD_MATCH = YES;
				CODE_SIGN_IDENTITY = "iPhone Developer";
				COPY_PHASE_STRIP = NO;
				DEBUG_INFORMATION_FORMAT = "dwarf-with-dsym";
				ENABLE_NS_ASSERTIONS = NO;
				ENABLE_STRICT_OBJC_MSGSEND = YES;
				GCC_C_LANGUAGE_STANDARD = gnu11;
				GCC_NO_COMMON_BLOCKS = YES;
				GCC_WARN_64_TO_32_BIT_CONVERSION = YES;
				GCC_WARN_ABOUT_RETURN_TYPE = YES_ERROR;
				GCC_WARN_UNDECLARED_SELECTOR = YES;
				GCC_WARN_UNINITIALIZED_AUTOS = YES_AGGRESSIVE;
				GCC_WARN_UNUSED_FUNCTION = YES;
				GCC_WARN_UNUSED_VARIABLE = YES;
				IPHONEOS_DEPLOYMENT_TARGET = 11.0;
				MTL_ENABLE_DEBUG_INFO = NO;
				SDKROOT = iphoneos;
				SWIFT_OPTIMIZATION_LEVEL = "-Owholemodule";
				VALIDATE_PRODUCT = YES;
			};
			name = Release;
		};
		9C189B741FAB9282002E777E /* Debug */ = {
			isa = XCBuildConfiguration;
			buildSettings = {
				ASSETCATALOG_COMPILER_APPICON_NAME = AppIcon;
				CODE_SIGN_STYLE = Automatic;
				DEVELOPMENT_TEAM = Q97WT9NB43;
				INFOPLIST_FILE = "Calculator App/Info.plist";
				LD_RUNPATH_SEARCH_PATHS = "$(inherited) @executable_path/Frameworks";
				PRODUCT_BUNDLE_IDENTIFIER = "mukeshbasira.Calculator-App";
				PRODUCT_NAME = "$(TARGET_NAME)";
				SWIFT_VERSION = 4.0;
				TARGETED_DEVICE_FAMILY = "1,2";
			};
			name = Debug;
		};
		9C189B751FAB9282002E777E /* Release */ = {
			isa = XCBuildConfiguration;
			buildSettings = {
				ASSETCATALOG_COMPILER_APPICON_NAME = AppIcon;
				CODE_SIGN_STYLE = Automatic;
				DEVELOPMENT_TEAM = Q97WT9NB43;
				INFOPLIST_FILE = "Calculator App/Info.plist";
				LD_RUNPATH_SEARCH_PATHS = "$(inherited) @executable_path/Frameworks";
				PRODUCT_BUNDLE_IDENTIFIER = "mukeshbasira.Calculator-App";
				PRODUCT_NAME = "$(TARGET_NAME)";
				SWIFT_VERSION = 4.0;
				TARGETED_DEVICE_FAMILY = "1,2";
			};
			name = Release;
		};
		9C189B771FAB9282002E777E /* Debug */ = {
			isa = XCBuildConfiguration;
			buildSettings = {
				ALWAYS_EMBED_SWIFT_STANDARD_LIBRARIES = YES;
				BUNDLE_LOADER = "$(TEST_HOST)";
				CODE_SIGN_STYLE = Automatic;
				DEVELOPMENT_TEAM = Q97WT9NB43;
				INFOPLIST_FILE = "Calculator AppTests/Info.plist";
				LD_RUNPATH_SEARCH_PATHS = "$(inherited) @executable_path/Frameworks @loader_path/Frameworks";
				PRODUCT_BUNDLE_IDENTIFIER = "mukeshbasira.Calculator-AppTests";
				PRODUCT_NAME = "$(TARGET_NAME)";
				SWIFT_VERSION = 4.0;
				TARGETED_DEVICE_FAMILY = "1,2";
				TEST_HOST = "$(BUILT_PRODUCTS_DIR)/Calculator App.app/Calculator App";
			};
			name = Debug;
		};
		9C189B781FAB9282002E777E /* Release */ = {
			isa = XCBuildConfiguration;
			buildSettings = {
				ALWAYS_EMBED_SWIFT_STANDARD_LIBRARIES = YES;
				BUNDLE_LOADER = "$(TEST_HOST)";
				CODE_SIGN_STYLE = Automatic;
				DEVELOPMENT_TEAM = Q97WT9NB43;
				INFOPLIST_FILE = "Calculator AppTests/Info.plist";
				LD_RUNPATH_SEARCH_PATHS = "$(inherited) @executable_path/Frameworks @loader_path/Frameworks";
				PRODUCT_BUNDLE_IDENTIFIER = "mukeshbasira.Calculator-AppTests";
				PRODUCT_NAME = "$(TARGET_NAME)";
				SWIFT_VERSION = 4.0;
				TARGETED_DEVICE_FAMILY = "1,2";
				TEST_HOST = "$(BUILT_PRODUCTS_DIR)/Calculator App.app/Calculator App";
			};
			name = Release;
		};
		9C189B7A1FAB9282002E777E /* Debug */ = {
			isa = XCBuildConfiguration;
			buildSettings = {
				ALWAYS_EMBED_SWIFT_STANDARD_LIBRARIES = YES;
				CODE_SIGN_STYLE = Automatic;
				DEVELOPMENT_TEAM = Q97WT9NB43;
				INFOPLIST_FILE = "Calculator AppUITests/Info.plist";
				LD_RUNPATH_SEARCH_PATHS = "$(inherited) @executable_path/Frameworks @loader_path/Frameworks";
				PRODUCT_BUNDLE_IDENTIFIER = "mukeshbasira.Calculator-AppUITests";
				PRODUCT_NAME = "$(TARGET_NAME)";
				SWIFT_VERSION = 4.0;
				TARGETED_DEVICE_FAMILY = "1,2";
				TEST_TARGET_NAME = "Calculator App";
			};
			name = Debug;
		};
		9C189B7B1FAB9282002E777E /* Release */ = {
			isa = XCBuildConfiguration;
			buildSettings = {
				ALWAYS_EMBED_SWIFT_STANDARD_LIBRARIES = YES;
				CODE_SIGN_STYLE = Automatic;
				DEVELOPMENT_TEAM = Q97WT9NB43;
				INFOPLIST_FILE = "Calculator AppUITests/Info.plist";
				LD_RUNPATH_SEARCH_PATHS = "$(inherited) @executable_path/Frameworks @loader_path/Frameworks";
				PRODUCT_BUNDLE_IDENTIFIER = "mukeshbasira.Calculator-AppUITests";
				PRODUCT_NAME = "$(TARGET_NAME)";
				SWIFT_VERSION = 4.0;
				TARGETED_DEVICE_FAMILY = "1,2";
				TEST_TARGET_NAME = "Calculator App";
			};
			name = Release;
		};
/* End XCBuildConfiguration section */

/* Begin XCConfigurationList section */
		9C189B461FAB9282002E777E /* Build configuration list for PBXProject "Calculator App" */ = {
			isa = XCConfigurationList;
			buildConfigurations = (
				9C189B711FAB9282002E777E /* Debug */,
				9C189B721FAB9282002E777E /* Release */,
			);
			defaultConfigurationIsVisible = 0;
			defaultConfigurationName = Release;
		};
		9C189B731FAB9282002E777E /* Build configuration list for PBXNativeTarget "Calculator App" */ = {
			isa = XCConfigurationList;
			buildConfigurations = (
				9C189B741FAB9282002E777E /* Debug */,
				9C189B751FAB9282002E777E /* Release */,
			);
			defaultConfigurationIsVisible = 0;
			defaultConfigurationName = Release;
		};
		9C189B761FAB9282002E777E /* Build configuration list for PBXNativeTarget "Calculator AppTests" */ = {
			isa = XCConfigurationList;
			buildConfigurations = (
				9C189B771FAB9282002E777E /* Debug */,
				9C189B781FAB9282002E777E /* Release */,
			);
			defaultConfigurationIsVisible = 0;
			defaultConfigurationName = Release;
		};
		9C189B791FAB9282002E777E /* Build configuration list for PBXNativeTarget "Calculator AppUITests" */ = {
			isa = XCConfigurationList;
			buildConfigurations = (
				9C189B7A1FAB9282002E777E /* Debug */,
				9C189B7B1FAB9282002E777E /* Release */,
			);
			defaultConfigurationIsVisible = 0;
			defaultConfigurationName = Release;
		};
/* End XCConfigurationList section */
	};
	rootObject = 9C189B431FAB9282002E777E /* Project object */;
}
